// !$*UTF8*$!
{
	archiveVersion = 1;
	classes = {
	};
	objectVersion = 46;
	objects = {

/* Begin PBXBuildFile section */
		84E4E7131DCB08BB00304424 /* main.m in Sources */ = {isa = PBXBuildFile; fileRef = 84E4E7121DCB08BB00304424 /* main.m */; };
		84E4E7161DCB08BB00304424 /* AppDelegate.m in Sources */ = {isa = PBXBuildFile; fileRef = 84E4E7151DCB08BB00304424 /* AppDelegate.m */; };
		84E4E7191DCB08BB00304424 /* ViewController.m in Sources */ = {isa = PBXBuildFile; fileRef = 84E4E7181DCB08BB00304424 /* ViewController.m */; };
		84E4E71C1DCB08BB00304424 /* Main.storyboard in Resources */ = {isa = PBXBuildFile; fileRef = 84E4E71A1DCB08BB00304424 /* Main.storyboard */; };
		84E4E71E1DCB08BB00304424 /* Assets.xcassets in Resources */ = {isa = PBXBuildFile; fileRef = 84E4E71D1DCB08BB00304424 /* Assets.xcassets */; };
		84E4E7211DCB08BB00304424 /* LaunchScreen.storyboard in Resources */ = {isa = PBXBuildFile; fileRef = 84E4E71F1DCB08BB00304424 /* LaunchScreen.storyboard */; };
		84E4E72C1DCB08BC00304424 /* helloTests.m in Sources */ = {isa = PBXBuildFile; fileRef = 84E4E72B1DCB08BC00304424 /* helloTests.m */; };
		84E4E7371DCB08BC00304424 /* helloUITests.m in Sources */ = {isa = PBXBuildFile; fileRef = 84E4E7361DCB08BC00304424 /* helloUITests.m */; };
/* End PBXBuildFile section */

/* Begin PBXContainerItemProxy section */
		84E4E7281DCB08BC00304424 /* PBXContainerItemProxy */ = {
			isa = PBXContainerItemProxy;
			containerPortal = 84E4E7061DCB08BB00304424 /* Project object */;
			proxyType = 1;
			remoteGlobalIDString = 84E4E70D1DCB08BB00304424;
			remoteInfo = hello;
		};
		84E4E7331DCB08BC00304424 /* PBXContainerItemProxy */ = {
			isa = PBXContainerItemProxy;
			containerPortal = 84E4E7061DCB08BB00304424 /* Project object */;
			proxyType = 1;
			remoteGlobalIDString = 84E4E70D1DCB08BB00304424;
			remoteInfo = hello;
		};
/* End PBXContainerItemProxy section */

/* Begin PBXFileReference section */
		84E4E70E1DCB08BB00304424 /* hello.app */ = {isa = PBXFileReference; explicitFileType = wrapper.application; includeInIndex = 0; path = hello.app; sourceTree = BUILT_PRODUCTS_DIR; };
		84E4E7121DCB08BB00304424 /* main.m */ = {isa = PBXFileReference; lastKnownFileType = sourcecode.c.objc; path = main.m; sourceTree = "<group>"; };
		84E4E7141DCB08BB00304424 /* AppDelegate.h */ = {isa = PBXFileReference; lastKnownFileType = sourcecode.c.h; path = AppDelegate.h; sourceTree = "<group>"; };
		84E4E7151DCB08BB00304424 /* AppDelegate.m */ = {isa = PBXFileReference; lastKnownFileType = sourcecode.c.objc; path = AppDelegate.m; sourceTree = "<group>"; };
		84E4E7171DCB08BB00304424 /* ViewController.h */ = {isa = PBXFileReference; lastKnownFileType = sourcecode.c.h; path = ViewController.h; sourceTree = "<group>"; };
		84E4E7181DCB08BB00304424 /* ViewController.m */ = {isa = PBXFileReference; lastKnownFileType = sourcecode.c.objc; path = ViewController.m; sourceTree = "<group>"; };
		84E4E71B1DCB08BB00304424 /* Base */ = {isa = PBXFileReference; lastKnownFileType = file.storyboard; name = Base; path = Base.lproj/Main.storyboard; sourceTree = "<group>"; };
		84E4E71D1DCB08BB00304424 /* Assets.xcassets */ = {isa = PBXFileReference; lastKnownFileType = folder.assetcatalog; path = Assets.xcassets; sourceTree = "<group>"; };
		84E4E7201DCB08BB00304424 /* Base */ = {isa = PBXFileReference; lastKnownFileType = file.storyboard; name = Base; path = Base.lproj/LaunchScreen.storyboard; sourceTree = "<group>"; };
		84E4E7221DCB08BB00304424 /* Info.plist */ = {isa = PBXFileReference; lastKnownFileType = text.plist.xml; path = Info.plist; sourceTree = "<group>"; };
		84E4E7271DCB08BC00304424 /* helloTests.xctest */ = {isa = PBXFileReference; explicitFileType = wrapper.cfbundle; includeInIndex = 0; path = helloTests.xctest; sourceTree = BUILT_PRODUCTS_DIR; };
		84E4E72B1DCB08BC00304424 /* helloTests.m */ = {isa = PBXFileReference; lastKnownFileType = sourcecode.c.objc; path = helloTests.m; sourceTree = "<group>"; };
		84E4E72D1DCB08BC00304424 /* Info.plist */ = {isa = PBXFileReference; lastKnownFileType = text.plist.xml; path = Info.plist; sourceTree = "<group>"; };
		84E4E7321DCB08BC00304424 /* helloUITests.xctest */ = {isa = PBXFileReference; explicitFileType = wrapper.cfbundle; includeInIndex = 0; path = helloUITests.xctest; sourceTree = BUILT_PRODUCTS_DIR; };
		84E4E7361DCB08BC00304424 /* helloUITests.m */ = {isa = PBXFileReference; lastKnownFileType = sourcecode.c.objc; path = helloUITests.m; sourceTree = "<group>"; };
		84E4E7381DCB08BC00304424 /* Info.plist */ = {isa = PBXFileReference; lastKnownFileType = text.plist.xml; path = Info.plist; sourceTree = "<group>"; };
/* End PBXFileReference section */

/* Begin PBXFrameworksBuildPhase section */
		84E4E70B1DCB08BB00304424 /* Frameworks */ = {
			isa = PBXFrameworksBuildPhase;
			buildActionMask = 2147483647;
			files = (
			);
			runOnlyForDeploymentPostprocessing = 0;
		};
		84E4E7241DCB08BC00304424 /* Frameworks */ = {
			isa = PBXFrameworksBuildPhase;
			buildActionMask = 2147483647;
			files = (
			);
			runOnlyForDeploymentPostprocessing = 0;
		};
		84E4E72F1DCB08BC00304424 /* Frameworks */ = {
			isa = PBXFrameworksBuildPhase;
			buildActionMask = 2147483647;
			files = (
			);
			runOnlyForDeploymentPostprocessing = 0;
		};
/* End PBXFrameworksBuildPhase section */

/* Begin PBXGroup section */
		84E4E7051DCB08BB00304424 = {
			isa = PBXGroup;
			children = (
				84E4E7101DCB08BB00304424 /* hello */,
				84E4E72A1DCB08BC00304424 /* helloTests */,
				84E4E7351DCB08BC00304424 /* helloUITests */,
				84E4E70F1DCB08BB00304424 /* Products */,
			);
			sourceTree = "<group>";
		};
		84E4E70F1DCB08BB00304424 /* Products */ = {
			isa = PBXGroup;
			children = (
				84E4E70E1DCB08BB00304424 /* hello.app */,
				84E4E7271DCB08BC00304424 /* helloTests.xctest */,
				84E4E7321DCB08BC00304424 /* helloUITests.xctest */,
			);
			name = Products;
			sourceTree = "<group>";
		};
		84E4E7101DCB08BB00304424 /* hello */ = {
			isa = PBXGroup;
			children = (
				84E4E7141DCB08BB00304424 /* AppDelegate.h */,
				84E4E7151DCB08BB00304424 /* AppDelegate.m */,
				84E4E7171DCB08BB00304424 /* ViewController.h */,
				84E4E7181DCB08BB00304424 /* ViewController.m */,
				84E4E71A1DCB08BB00304424 /* Main.storyboard */,
				84E4E71D1DCB08BB00304424 /* Assets.xcassets */,
				84E4E71F1DCB08BB00304424 /* LaunchScreen.storyboard */,
				84E4E7221DCB08BB00304424 /* Info.plist */,
				84E4E7111DCB08BB00304424 /* Supporting Files */,
			);
			path = hello;
			sourceTree = "<group>";
		};
		84E4E7111DCB08BB00304424 /* Supporting Files */ = {
			isa = PBXGroup;
			children = (
				84E4E7121DCB08BB00304424 /* main.m */,
			);
			name = "Supporting Files";
			sourceTree = "<group>";
		};
		84E4E72A1DCB08BC00304424 /* helloTests */ = {
			isa = PBXGroup;
			children = (
				84E4E72B1DCB08BC00304424 /* helloTests.m */,
				84E4E72D1DCB08BC00304424 /* Info.plist */,
			);
			path = helloTests;
			sourceTree = "<group>";
		};
		84E4E7351DCB08BC00304424 /* helloUITests */ = {
			isa = PBXGroup;
			children = (
				84E4E7361DCB08BC00304424 /* helloUITests.m */,
				84E4E7381DCB08BC00304424 /* Info.plist */,
			);
			path = helloUITests;
			sourceTree = "<group>";
		};
/* End PBXGroup section */

/* Begin PBXNativeTarget section */
		84E4E70D1DCB08BB00304424 /* hello */ = {
			isa = PBXNativeTarget;
			buildConfigurationList = 84E4E73B1DCB08BC00304424 /* Build configuration list for PBXNativeTarget "hello" */;
			buildPhases = (
				84E4E70A1DCB08BB00304424 /* Sources */,
				84E4E70B1DCB08BB00304424 /* Frameworks */,
				84E4E70C1DCB08BB00304424 /* Resources */,
			);
			buildRules = (
			);
			dependencies = (
			);
			name = hello;
			productName = hello;
			productReference = 84E4E70E1DCB08BB00304424 /* hello.app */;
			productType = "com.apple.product-type.application";
		};
		84E4E7261DCB08BC00304424 /* helloTests */ = {
			isa = PBXNativeTarget;
			buildConfigurationList = 84E4E73E1DCB08BC00304424 /* Build configuration list for PBXNativeTarget "helloTests" */;
			buildPhases = (
				84E4E7231DCB08BC00304424 /* Sources */,
				84E4E7241DCB08BC00304424 /* Frameworks */,
				84E4E7251DCB08BC00304424 /* Resources */,
			);
			buildRules = (
			);
			dependencies = (
				84E4E7291DCB08BC00304424 /* PBXTargetDependency */,
			);
			name = helloTests;
			productName = helloTests;
			productReference = 84E4E7271DCB08BC00304424 /* helloTests.xctest */;
			productType = "com.apple.product-type.bundle.unit-test";
		};
		84E4E7311DCB08BC00304424 /* helloUITests */ = {
			isa = PBXNativeTarget;
			buildConfigurationList = 84E4E7411DCB08BC00304424 /* Build configuration list for PBXNativeTarget "helloUITests" */;
			buildPhases = (
				84E4E72E1DCB08BC00304424 /* Sources */,
				84E4E72F1DCB08BC00304424 /* Frameworks */,
				84E4E7301DCB08BC00304424 /* Resources */,
			);
			buildRules = (
			);
			dependencies = (
				84E4E7341DCB08BC00304424 /* PBXTargetDependency */,
			);
			name = helloUITests;
			productName = helloUITests;
			productReference = 84E4E7321DCB08BC00304424 /* helloUITests.xctest */;
			productType = "com.apple.product-type.bundle.ui-testing";
		};
/* End PBXNativeTarget section */

/* Begin PBXProject section */
		84E4E7061DCB08BB00304424 /* Project object */ = {
			isa = PBXProject;
			attributes = {
				LastUpgradeCheck = 0800;
				ORGANIZATIONNAME = jiangqq;
				TargetAttributes = {
					84E4E70D1DCB08BB00304424 = {
						CreatedOnToolsVersion = 8.0;
						ProvisioningStyle = Manual;
					};
					84E4E7261DCB08BC00304424 = {
						CreatedOnToolsVersion = 8.0;
						ProvisioningStyle = Automatic;
						TestTargetID = 84E4E70D1DCB08BB00304424;
					};
					84E4E7311DCB08BC00304424 = {
						CreatedOnToolsVersion = 8.0;
						ProvisioningStyle = Automatic;
						TestTargetID = 84E4E70D1DCB08BB00304424;
					};
				};
			};
			buildConfigurationList = 84E4E7091DCB08BB00304424 /* Build configuration list for PBXProject "hello" */;
			compatibilityVersion = "Xcode 3.2";
			developmentRegion = English;
			hasScannedForEncodings = 0;
			knownRegions = (
				en,
				Base,
			);
			mainGroup = 84E4E7051DCB08BB00304424;
			productRefGroup = 84E4E70F1DCB08BB00304424 /* Products */;
			projectDirPath = "";
			projectRoot = "";
			targets = (
				84E4E70D1DCB08BB00304424 /* hello */,
				84E4E7261DCB08BC00304424 /* helloTests */,
				84E4E7311DCB08BC00304424 /* helloUITests */,
			);
		};
/* End PBXProject section */

/* Begin PBXResourcesBuildPhase section */
		84E4E70C1DCB08BB00304424 /* Resources */ = {
			isa = PBXResourcesBuildPhase;
			buildActionMask = 2147483647;
			files = (
				84E4E7211DCB08BB00304424 /* LaunchScreen.storyboard in Resources */,
				84E4E71E1DCB08BB00304424 /* Assets.xcassets in Resources */,
				84E4E71C1DCB08BB00304424 /* Main.storyboard in Resources */,
			);
			runOnlyForDeploymentPostprocessing = 0;
		};
		84E4E7251DCB08BC00304424 /* Resources */ = {
			isa = PBXResourcesBuildPhase;
			buildActionMask = 2147483647;
			files = (
			);
			runOnlyForDeploymentPostprocessing = 0;
		};
		84E4E7301DCB08BC00304424 /* Resources */ = {
			isa = PBXResourcesBuildPhase;
			buildActionMask = 2147483647;
			files = (
			);
			runOnlyForDeploymentPostprocessing = 0;
		};
/* End PBXResourcesBuildPhase section */

/* Begin PBXSourcesBuildPhase section */
		84E4E70A1DCB08BB00304424 /* Sources */ = {
			isa = PBXSourcesBuildPhase;
			buildActionMask = 2147483647;
			files = (
				84E4E7191DCB08BB00304424 /* ViewController.m in Sources */,
				84E4E7161DCB08BB00304424 /* AppDelegate.m in Sources */,
				84E4E7131DCB08BB00304424 /* main.m in Sources */,
			);
			runOnlyForDeploymentPostprocessing = 0;
		};
		84E4E7231DCB08BC00304424 /* Sources */ = {
			isa = PBXSourcesBuildPhase;
			buildActionMask = 2147483647;
			files = (
				84E4E72C1DCB08BC00304424 /* helloTests.m in Sources */,
			);
			runOnlyForDeploymentPostprocessing = 0;
		};
		84E4E72E1DCB08BC00304424 /* Sources */ = {
			isa = PBXSourcesBuildPhase;
			buildActionMask = 2147483647;
			files = (
				84E4E7371DCB08BC00304424 /* helloUITests.m in Sources */,
			);
			runOnlyForDeploymentPostprocessing = 0;
		};
/* End PBXSourcesBuildPhase section */

/* Begin PBXTargetDependency section */
		84E4E7291DCB08BC00304424 /* PBXTargetDependency */ = {
			isa = PBXTargetDependency;
			target = 84E4E70D1DCB08BB00304424 /* hello */;
			targetProxy = 84E4E7281DCB08BC00304424 /* PBXContainerItemProxy */;
		};
		84E4E7341DCB08BC00304424 /* PBXTargetDependency */ = {
			isa = PBXTargetDependency;
			target = 84E4E70D1DCB08BB00304424 /* hello */;
			targetProxy = 84E4E7331DCB08BC00304424 /* PBXContainerItemProxy */;
		};
/* End PBXTargetDependency section */

/* Begin PBXVariantGroup section */
		84E4E71A1DCB08BB00304424 /* Main.storyboard */ = {
			isa = PBXVariantGroup;
			children = (
				84E4E71B1DCB08BB00304424 /* Base */,
			);
			name = Main.storyboard;
			sourceTree = "<group>";
		};
		84E4E71F1DCB08BB00304424 /* LaunchScreen.storyboard */ = {
			isa = PBXVariantGroup;
			children = (
				84E4E7201DCB08BB00304424 /* Base */,
			);
			name = LaunchScreen.storyboard;
			sourceTree = "<group>";
		};
/* End PBXVariantGroup section */

/* Begin XCBuildConfiguration section */
		84E4E7391DCB08BC00304424 /* Debug */ = {
			isa = XCBuildConfiguration;
			buildSettings = {
				ALWAYS_SEARCH_USER_PATHS = NO;
				CLANG_ANALYZER_NONNULL = YES;
				CLANG_CXX_LANGUAGE_STANDARD = "gnu++0x";
				CLANG_CXX_LIBRARY = "libc++";
				CLANG_ENABLE_MODULES = YES;
				CLANG_ENABLE_OBJC_ARC = YES;
				CLANG_WARN_BOOL_CONVERSION = YES;
				CLANG_WARN_CONSTANT_CONVERSION = YES;
				CLANG_WARN_DIRECT_OBJC_ISA_USAGE = YES_ERROR;
				CLANG_WARN_DOCUMENTATION_COMMENTS = YES;
				CLANG_WARN_EMPTY_BODY = YES;
				CLANG_WARN_ENUM_CONVERSION = YES;
				CLANG_WARN_INFINITE_RECURSION = YES;
				CLANG_WARN_INT_CONVERSION = YES;
				CLANG_WARN_OBJC_ROOT_CLASS = YES_ERROR;
				CLANG_WARN_SUSPICIOUS_MOVES = YES;
				CLANG_WARN_UNREACHABLE_CODE = YES;
				CLANG_WARN__DUPLICATE_METHOD_MATCH = YES;
				"CODE_SIGN_IDENTITY[sdk=iphoneos*]" = "iPhone Developer";
				COPY_PHASE_STRIP = NO;
				DEBUG_INFORMATION_FORMAT = dwarf;
				ENABLE_STRICT_OBJC_MSGSEND = YES;
				ENABLE_TESTABILITY = YES;
				GCC_C_LANGUAGE_STANDARD = gnu99;
				GCC_DYNAMIC_NO_PIC = NO;
				GCC_NO_COMMON_BLOCKS = YES;
				GCC_OPTIMIZATION_LEVEL = 0;
				GCC_PREPROCESSOR_DEFINITIONS = (
					"DEBUG=1",
					"$(inherited)",
				);
				GCC_WARN_64_TO_32_BIT_CONVERSION = YES;
				GCC_WARN_ABOUT_RETURN_TYPE = YES_ERROR;
				GCC_WARN_UNDECLARED_SELECTOR = YES;
				GCC_WARN_UNINITIALIZED_AUTOS = YES_AGGRESSIVE;
				GCC_WARN_UNUSED_FUNCTION = YES;
				GCC_WARN_UNUSED_VARIABLE = YES;
				IPHONEOS_DEPLOYMENT_TARGET = 10.0;
				MTL_ENABLE_DEBUG_INFO = YES;
				ONLY_ACTIVE_ARCH = YES;
				SDKROOT = iphoneos;
				TARGETED_DEVICE_FAMILY = "1,2";
			};
			name = Debug;
		};
		84E4E73A1DCB08BC00304424 /* Release */ = {
			isa = XCBuildConfiguration;
			buildSettings = {
				ALWAYS_SEARCH_USER_PATHS = NO;
				CLANG_ANALYZER_NONNULL = YES;
				CLANG_CXX_LANGUAGE_STANDARD = "gnu++0x";
				CLANG_CXX_LIBRARY = "libc++";
				CLANG_ENABLE_MODULES = YES;
				CLANG_ENABLE_OBJC_ARC = YES;
				CLANG_WARN_BOOL_CONVERSION = YES;
				CLANG_WARN_CONSTANT_CONVERSION = YES;
				CLANG_WARN_DIRECT_OBJC_ISA_USAGE = YES_ERROR;
				CLANG_WARN_DOCUMENTATION_COMMENTS = YES;
				CLANG_WARN_EMPTY_BODY = YES;
				CLANG_WARN_ENUM_CONVERSION = YES;
				CLANG_WARN_INFINITE_RECURSION = YES;
				CLANG_WARN_INT_CONVERSION = YES;
				CLANG_WARN_OBJC_ROOT_CLASS = YES_ERROR;
				CLANG_WARN_SUSPICIOUS_MOVES = YES;
				CLANG_WARN_UNREACHABLE_CODE = YES;
				CLANG_WARN__DUPLICATE_METHOD_MATCH = YES;
				"CODE_SIGN_IDENTITY[sdk=iphoneos*]" = "iPhone Developer";
				COPY_PHASE_STRIP = NO;
				DEBUG_INFORMATION_FORMAT = "dwarf-with-dsym";
				ENABLE_NS_ASSERTIONS = NO;
				ENABLE_STRICT_OBJC_MSGSEND = YES;
				GCC_C_LANGUAGE_STANDARD = gnu99;
				GCC_NO_COMMON_BLOCKS = YES;
				GCC_WARN_64_TO_32_BIT_CONVERSION = YES;
				GCC_WARN_ABOUT_RETURN_TYPE = YES_ERROR;
				GCC_WARN_UNDECLARED_SELECTOR = YES;
				GCC_WARN_UNINITIALIZED_AUTOS = YES_AGGRESSIVE;
				GCC_WARN_UNUSED_FUNCTION = YES;
				GCC_WARN_UNUSED_VARIABLE = YES;
				IPHONEOS_DEPLOYMENT_TARGET = 10.0;
				MTL_ENABLE_DEBUG_INFO = NO;
				SDKROOT = iphoneos;
				TARGETED_DEVICE_FAMILY = "1,2";
				VALIDATE_PRODUCT = YES;
			};
			name = Release;
		};
		84E4E73C1DCB08BC00304424 /* Debug */ = {
			isa = XCBuildConfiguration;
			buildSettings = {
				ASSETCATALOG_COMPILER_APPICON_NAME = AppIcon;
				DEVELOPMENT_TEAM = "";
				INFOPLIST_FILE = hello/Info.plist;
				LD_RUNPATH_SEARCH_PATHS = "$(inherited) @executable_path/Frameworks";
				PRODUCT_BUNDLE_IDENTIFIER = hs.hello;
				PRODUCT_NAME = "$(TARGET_NAME)";
			};
			name = Debug;
		};
		84E4E73D1DCB08BC00304424 /* Release */ = {
			isa = XCBuildConfiguration;
			buildSettings = {
				ASSETCATALOG_COMPILER_APPICON_NAME = AppIcon;
				DEVELOPMENT_TEAM = "";
				INFOPLIST_FILE = hello/Info.plist;
				LD_RUNPATH_SEARCH_PATHS = "$(inherited) @executable_path/Frameworks";
				PRODUCT_BUNDLE_IDENTIFIER = hs.hello;
				PRODUCT_NAME = "$(TARGET_NAME)";
			};
			name = Release;
		};
		84E4E73F1DCB08BC00304424 /* Debug */ = {
			isa = XCBuildConfiguration;
			buildSettings = {
				BUNDLE_LOADER = "$(TEST_HOST)";
				INFOPLIST_FILE = helloTests/Info.plist;
				LD_RUNPATH_SEARCH_PATHS = "$(inherited) @executable_path/Frameworks @loader_path/Frameworks";
				PRODUCT_BUNDLE_IDENTIFIER = hs.helloTests;
				PRODUCT_NAME = "$(TARGET_NAME)";
				TEST_HOST = "$(BUILT_PRODUCTS_DIR)/hello.app/hello";
			};
			name = Debug;
		};
		84E4E7401DCB08BC00304424 /* Release */ = {
			isa = XCBuildConfiguration;
			buildSettings = {
				BUNDLE_LOADER = "$(TEST_HOST)";
				INFOPLIST_FILE = helloTests/Info.plist;
				LD_RUNPATH_SEARCH_PATHS = "$(inherited) @executable_path/Frameworks @loader_path/Frameworks";
				PRODUCT_BUNDLE_IDENTIFIER = hs.helloTests;
				PRODUCT_NAME = "$(TARGET_NAME)";
				TEST_HOST = "$(BUILT_PRODUCTS_DIR)/hello.app/hello";
			};
			name = Release;
		};
		84E4E7421DCB08BC00304424 /* Debug */ = {
			isa = XCBuildConfiguration;
			buildSettings = {
				INFOPLIST_FILE = helloUITests/Info.plist;
				LD_RUNPATH_SEARCH_PATHS = "$(inherited) @executable_path/Frameworks @loader_path/Frameworks";
				PRODUCT_BUNDLE_IDENTIFIER = hs.helloUITests;
				PRODUCT_NAME = "$(TARGET_NAME)";
				TEST_TARGET_NAME = hello;
			};
			name = Debug;
		};
		84E4E7431DCB08BC00304424 /* Release */ = {
			isa = XCBuildConfiguration;
			buildSettings = {
				INFOPLIST_FILE = helloUITests/Info.plist;
				LD_RUNPATH_SEARCH_PATHS = "$(inherited) @executable_path/Frameworks @loader_path/Frameworks";
				PRODUCT_BUNDLE_IDENTIFIER = hs.helloUITests;
				PRODUCT_NAME = "$(TARGET_NAME)";
				TEST_TARGET_NAME = hello;
			};
			name = Release;
		};
/* End XCBuildConfiguration section */

/* Begin XCConfigurationList section */
		84E4E7091DCB08BB00304424 /* Build configuration list for PBXProject "hello" */ = {
			isa = XCConfigurationList;
			buildConfigurations = (
				84E4E7391DCB08BC00304424 /* Debug */,
				84E4E73A1DCB08BC00304424 /* Release */,
			);
			defaultConfigurationIsVisible = 0;
			defaultConfigurationName = Release;
		};
		84E4E73B1DCB08BC00304424 /* Build configuration list for PBXNativeTarget "hello" */ = {
			isa = XCConfigurationList;
			buildConfigurations = (
				84E4E73C1DCB08BC00304424 /* Debug */,
				84E4E73D1DCB08BC00304424 /* Release */,
			);
			defaultConfigurationIsVisible = 0;
		};
		84E4E73E1DCB08BC00304424 /* Build configuration list for PBXNativeTarget "helloTests" */ = {
			isa = XCConfigurationList;
			buildConfigurations = (
				84E4E73F1DCB08BC00304424 /* Debug */,
				84E4E7401DCB08BC00304424 /* Release */,
			);
			defaultConfigurationIsVisible = 0;
		};
		84E4E7411DCB08BC00304424 /* Build configuration list for PBXNativeTarget "helloUITests" */ = {
			isa = XCConfigurationList;
			buildConfigurations = (
				84E4E7421DCB08BC00304424 /* Debug */,
				84E4E7431DCB08BC00304424 /* Release */,
			);
			defaultConfigurationIsVisible = 0;
		};
/* End XCConfigurationList section */
	};
	rootObject = 84E4E7061DCB08BB00304424 /* Project object */;
}
